github.com/h31/some-go-lib v0.0.0-20210405112323-ec2ca6ab2d4c h1:LLCf0yJpEUm/+LUmglHlxpPruNHFm3ilusrSMtm5KiE=
github.com/h31/some-go-lib v0.0.0-20210405112323-ec2ca6ab2d4c/go.mod h1:X9VrMMfJeCjLjvIPzjKwMf1ZjuDDMjbl81y/QfvlFqE=
github.com/pkg/errors v0.9.1/go.mod h1:bwawxfHBFNV+L2hUp1rHADufV3IMtnDRdf1r5NINEl0=
golang.org/x/sync v0.0.0-20210220032951-036812b2e83c/go.mod h1:RxMgew5VJxzue5/jJTE5uejpjVlOe/izrB70Jof72aM=
